
Microsoft Visual Studio Solution File, Format Version 12.00
# Visual Studio Version 16
VisualStudioVersion = 16.0.30804.86
MinimumVisualStudioVersion = 10.0.40219.1
Project("{FAE04EC0-301F-11D3-BF4B-00C04F79EFBC}") = "Microsoft.SqlServer.TransactSql.ScriptDom", "Microsoft.SqlServer.TransactSql.ScriptDom\Microsoft.SqlServer.TransactSql.ScriptDom.csproj", "{5DC4E467-83DB-44A3-AAB4-272142E528DD}"
EndProject
Project("{FAE04EC0-301F-11D3-BF4B-00C04F79EFBC}") = "Builder.Sample", "Sample\Builder.Sample\Builder.Sample.csproj", "{595FCB60-281E-467E-9F0E-385FB74FE88A}"
EndProject
Global
	GlobalSection(SolutionConfigurationPlatforms) = preSolution
		Debug|Any CPU = Debug|Any CPU
		Release|Any CPU = Release|Any CPU
	EndGlobalSection
	GlobalSection(ProjectConfigurationPlatforms) = postSolution
		{5DC4E467-83DB-44A3-AAB4-272142E528DD}.Debug|Any CPU.ActiveCfg = Debug|Any CPU
		{5DC4E467-83DB-44A3-AAB4-272142E528DD}.Debug|Any CPU.Build.0 = Debug|Any CPU
		{5DC4E467-83DB-44A3-AAB4-272142E528DD}.Release|Any CPU.ActiveCfg = Release|Any CPU
		{5DC4E467-83DB-44A3-AAB4-272142E528DD}.Release|Any CPU.Build.0 = Release|Any CPU
		{595FCB60-281E-467E-9F0E-385FB74FE88A}.Debug|Any CPU.ActiveCfg = Debug|Any CPU
		{595FCB60-281E-467E-9F0E-385FB74FE88A}.Debug|Any CPU.Build.0 = Debug|Any CPU
		{595FCB60-281E-467E-9F0E-385FB74FE88A}.Release|Any CPU.ActiveCfg = Release|Any CPU
		{595FCB60-281E-467E-9F0E-385FB74FE88A}.Release|Any CPU.Build.0 = Release|Any CPU
	EndGlobalSection
	GlobalSection(SolutionProperties) = preSolution
		HideSolutionNode = FALSE
	EndGlobalSection
	GlobalSection(ExtensibilityGlobals) = postSolution
		SolutionGuid = {E47B2CA6-D4BF-43BC-81D9-421BFDEFEAD1}
	EndGlobalSection
EndGlobal
